
Microsoft Visual Studio Solution File, Format Version 12.00
# Visual Studio Version 17
VisualStudioVersion = 17.4.33110.190
MinimumVisualStudioVersion = 10.0.40219.1
Project("{FAE04EC0-301F-11D3-BF4B-00C04F79EFBC}") = "Angle Between Hands of a Clock", "Angle Between Hands of a Clock\Angle Between Hands of a Clock.csproj", "{C0D34461-93BA-4A4F-A231-1BEB663137FD}"
EndProject
Global
	GlobalSection(SolutionConfigurationPlatforms) = preSolution
		Debug|Any CPU = Debug|Any CPU
		Release|Any CPU = Release|Any CPU
	EndGlobalSection
	GlobalSection(ProjectConfigurationPlatforms) = postSolution
		{C0D34461-93BA-4A4F-A231-1BEB663137FD}.Debug|Any CPU.ActiveCfg = Debug|Any CPU
		{C0D34461-93BA-4A4F-A231-1BEB663137FD}.Debug|Any CPU.Build.0 = Debug|Any CPU
		{C0D34461-93BA-4A4F-A231-1BEB663137FD}.Release|Any CPU.ActiveCfg = Release|Any CPU
		{C0D34461-93BA-4A4F-A231-1BEB663137FD}.Release|Any CPU.Build.0 = Release|Any CPU
	EndGlobalSection
	GlobalSection(SolutionProperties) = preSolution
		HideSolutionNode = FALSE
	EndGlobalSection
	GlobalSection(ExtensibilityGlobals) = postSolution
		SolutionGuid = {59D080D8-0F70-46AC-AD12-D2F82026481F}
	EndGlobalSection
EndGlobal
